// !$*UTF8*$!
{
	objectVersion = 60;
	objects = {

/* Begin PBXBuildFile section */
		200000000000000000000001 /* NiftyAITraderMobileApp.swift in Sources */ = {isa = PBXBuildFile; fileRef = 110000000000000000000001 /* NiftyAITraderMobileApp.swift */; };
		200000000000000000000002 /* RootView.swift in Sources */ = {isa = PBXBuildFile; fileRef = 110000000000000000000002 /* RootView.swift */; };
		200000000000000000000003 /* APIClient.swift in Sources */ = {isa = PBXBuildFile; fileRef = 110000000000000000000003 /* APIClient.swift */; };
		200000000000000000000004 /* Models.swift in Sources */ = {isa = PBXBuildFile; fileRef = 110000000000000000000004 /* Models.swift */; };
		200000000000000000000005 /* Formatters.swift in Sources */ = {isa = PBXBuildFile; fileRef = 110000000000000000000005 /* Formatters.swift */; };
		200000000000000000000006 /* Components.swift in Sources */ = {isa = PBXBuildFile; fileRef = 110000000000000000000006 /* Components.swift */; };
		200000000000000000000007 /* AppModel.swift in Sources */ = {isa = PBXBuildFile; fileRef = 110000000000000000000007 /* AppModel.swift */; };
		200000000000000000000008 /* LoginView.swift in Sources */ = {isa = PBXBuildFile; fileRef = 110000000000000000000008 /* LoginView.swift */; };
		200000000000000000000009 /* WatchlistView.swift in Sources */ = {isa = PBXBuildFile; fileRef = 110000000000000000000009 /* WatchlistView.swift */; };
		20000000000000000000000A /* PositionsView.swift in Sources */ = {isa = PBXBuildFile; fileRef = 11000000000000000000000A /* PositionsView.swift */; };
		20000000000000000000000B /* PortfolioView.swift in Sources */ = {isa = PBXBuildFile; fileRef = 11000000000000000000000B /* PortfolioView.swift */; };
		20000000000000000000000C /* AgentView.swift in Sources */ = {isa = PBXBuildFile; fileRef = 11000000000000000000000C /* AgentView.swift */; };
		20000000000000000000000D /* SafariSheet.swift in Sources */ = {isa = PBXBuildFile; fileRef = 11000000000000000000000D /* SafariSheet.swift */; };
/* End PBXBuildFile section */

/* Begin PBXFileReference section */
		100000000000000000000014 /* NiftyAITraderMobile.app */ = {isa = PBXFileReference; explicitFileType = wrapper.application; includeInIndex = 0; path = NiftyAITraderMobile.app; sourceTree = BUILT_PRODUCTS_DIR; };
		110000000000000000000001 /* NiftyAITraderMobileApp.swift */ = {isa = PBXFileReference; lastKnownFileType = sourcecode.swift; path = NiftyAITraderMobileApp.swift; sourceTree = "<group>"; };
		110000000000000000000002 /* RootView.swift */ = {isa = PBXFileReference; lastKnownFileType = sourcecode.swift; path = RootView.swift; sourceTree = "<group>"; };
		110000000000000000000003 /* APIClient.swift */ = {isa = PBXFileReference; lastKnownFileType = sourcecode.swift; path = APIClient.swift; sourceTree = "<group>"; };
		110000000000000000000004 /* Models.swift */ = {isa = PBXFileReference; lastKnownFileType = sourcecode.swift; path = Models.swift; sourceTree = "<group>"; };
		110000000000000000000005 /* Formatters.swift */ = {isa = PBXFileReference; lastKnownFileType = sourcecode.swift; path = Formatters.swift; sourceTree = "<group>"; };
		110000000000000000000006 /* Components.swift */ = {isa = PBXFileReference; lastKnownFileType = sourcecode.swift; path = Components.swift; sourceTree = "<group>"; };
		110000000000000000000007 /* AppModel.swift */ = {isa = PBXFileReference; lastKnownFileType = sourcecode.swift; path = AppModel.swift; sourceTree = "<group>"; };
		110000000000000000000008 /* LoginView.swift */ = {isa = PBXFileReference; lastKnownFileType = sourcecode.swift; path = LoginView.swift; sourceTree = "<group>"; };
		110000000000000000000009 /* WatchlistView.swift */ = {isa = PBXFileReference; lastKnownFileType = sourcecode.swift; path = WatchlistView.swift; sourceTree = "<group>"; };
		11000000000000000000000A /* PositionsView.swift */ = {isa = PBXFileReference; lastKnownFileType = sourcecode.swift; path = PositionsView.swift; sourceTree = "<group>"; };
		11000000000000000000000B /* PortfolioView.swift */ = {isa = PBXFileReference; lastKnownFileType = sourcecode.swift; path = PortfolioView.swift; sourceTree = "<group>"; };
		11000000000000000000000C /* AgentView.swift */ = {isa = PBXFileReference; lastKnownFileType = sourcecode.swift; path = AgentView.swift; sourceTree = "<group>"; };
		11000000000000000000000D /* SafariSheet.swift */ = {isa = PBXFileReference; lastKnownFileType = sourcecode.swift; path = SafariSheet.swift; sourceTree = "<group>"; };
/* End PBXFileReference section */

/* Begin PBXFrameworksBuildPhase section */
		100000000000000000000012 /* Frameworks */ = {
			isa = PBXFrameworksBuildPhase;
			buildActionMask = 2147483647;
			files = (
			);
			runOnlyForDeploymentPostprocessing = 0;
		};
/* End PBXFrameworksBuildPhase section */

/* Begin PBXGroup section */
		100000000000000000000002 = {
			isa = PBXGroup;
			children = (
				100000000000000000000003 /* NiftyAITraderMobile */,
				100000000000000000000004 /* Products */,
			);
			sourceTree = "<group>";
		};
		100000000000000000000003 /* NiftyAITraderMobile */ = {
			isa = PBXGroup;
			children = (
				100000000000000000000005 /* App */,
				100000000000000000000006 /* Core */,
				100000000000000000000007 /* Features */,
				10000000000000000000000D /* State */,
			);
			path = NiftyAITraderMobile;
			sourceTree = "<group>";
		};
		100000000000000000000004 /* Products */ = {
			isa = PBXGroup;
			children = (
				100000000000000000000014 /* NiftyAITraderMobile.app */,
			);
			name = Products;
			sourceTree = "<group>";
		};
		100000000000000000000005 /* App */ = {
			isa = PBXGroup;
			children = (
				110000000000000000000001 /* NiftyAITraderMobileApp.swift */,
				110000000000000000000002 /* RootView.swift */,
			);
			path = App;
			sourceTree = "<group>";
		};
		100000000000000000000006 /* Core */ = {
			isa = PBXGroup;
			children = (
				110000000000000000000003 /* APIClient.swift */,
				110000000000000000000004 /* Models.swift */,
				110000000000000000000005 /* Formatters.swift */,
				110000000000000000000006 /* Components.swift */,
			);
			path = Core;
			sourceTree = "<group>";
		};
		100000000000000000000007 /* Features */ = {
			isa = PBXGroup;
			children = (
				100000000000000000000008 /* Login */,
				100000000000000000000009 /* Watchlist */,
				10000000000000000000000B /* Positions */,
				10000000000000000000000A /* Portfolio */,
				10000000000000000000000C /* Agent */,
			);
			path = Features;
			sourceTree = "<group>";
		};
		100000000000000000000008 /* Login */ = {
			isa = PBXGroup;
			children = (
				110000000000000000000008 /* LoginView.swift */,
				11000000000000000000000D /* SafariSheet.swift */,
			);
			path = Login;
			sourceTree = "<group>";
		};
		100000000000000000000009 /* Watchlist */ = {
			isa = PBXGroup;
			children = (
				110000000000000000000009 /* WatchlistView.swift */,
			);
			path = Watchlist;
			sourceTree = "<group>";
		};
		10000000000000000000000A /* Portfolio */ = {
			isa = PBXGroup;
			children = (
				11000000000000000000000B /* PortfolioView.swift */,
			);
			path = Portfolio;
			sourceTree = "<group>";
		};
		10000000000000000000000B /* Positions */ = {
			isa = PBXGroup;
			children = (
				11000000000000000000000A /* PositionsView.swift */,
			);
			path = Positions;
			sourceTree = "<group>";
		};
		10000000000000000000000C /* Agent */ = {
			isa = PBXGroup;
			children = (
				11000000000000000000000C /* AgentView.swift */,
			);
			path = Agent;
			sourceTree = "<group>";
		};
		10000000000000000000000D /* State */ = {
			isa = PBXGroup;
			children = (
				110000000000000000000007 /* AppModel.swift */,
			);
			path = State;
			sourceTree = "<group>";
		};
/* End PBXGroup section */

/* Begin PBXNativeTarget section */
		10000000000000000000000E /* NiftyAITraderMobile */ = {
			isa = PBXNativeTarget;
			buildConfigurationList = 10000000000000000000000F /* Build configuration list for PBXNativeTarget "NiftyAITraderMobile" */;
			buildPhases = (
				100000000000000000000011 /* Sources */,
				100000000000000000000012 /* Frameworks */,
				100000000000000000000013 /* Resources */,
			);
			buildRules = (
			);
			dependencies = (
			);
			name = NiftyAITraderMobile;
			productName = NiftyAITraderMobile;
			productReference = 100000000000000000000014 /* NiftyAITraderMobile.app */;
			productType = "com.apple.product-type.application";
		};
/* End PBXNativeTarget section */

/* Begin PBXProject section */
		100000000000000000000001 /* Project object */ = {
			isa = PBXProject;
			attributes = {
				BuildIndependentTargetsInParallel = 1;
				LastSwiftUpdateCheck = 2600;
				LastUpgradeCheck = 2600;
				TargetAttributes = {
					10000000000000000000000E = {
						CreatedOnToolsVersion = 26.3;
					};
				};
			};
			buildConfigurationList = 100000000000000000000010 /* Build configuration list for PBXProject "NiftyAITraderMobile" */;
			compatibilityVersion = "Xcode 15.0";
			developmentRegion = en;
			hasScannedForEncodings = 0;
			knownRegions = (
				en,
				Base,
			);
			mainGroup = 100000000000000000000002;
			productRefGroup = 100000000000000000000004 /* Products */;
			projectDirPath = "";
			projectRoot = "";
			targets = (
				10000000000000000000000E /* NiftyAITraderMobile */,
			);
		};
/* End PBXProject section */

/* Begin PBXResourcesBuildPhase section */
		100000000000000000000013 /* Resources */ = {
			isa = PBXResourcesBuildPhase;
			buildActionMask = 2147483647;
			files = (
			);
			runOnlyForDeploymentPostprocessing = 0;
		};
/* End PBXResourcesBuildPhase section */

/* Begin PBXSourcesBuildPhase section */
		100000000000000000000011 /* Sources */ = {
			isa = PBXSourcesBuildPhase;
			buildActionMask = 2147483647;
			files = (
				200000000000000000000003 /* APIClient.swift in Sources */,
				200000000000000000000004 /* Models.swift in Sources */,
				200000000000000000000005 /* Formatters.swift in Sources */,
				200000000000000000000006 /* Components.swift in Sources */,
				200000000000000000000007 /* AppModel.swift in Sources */,
				200000000000000000000001 /* NiftyAITraderMobileApp.swift in Sources */,
				200000000000000000000002 /* RootView.swift in Sources */,
				200000000000000000000008 /* LoginView.swift in Sources */,
				20000000000000000000000D /* SafariSheet.swift in Sources */,
				200000000000000000000009 /* WatchlistView.swift in Sources */,
				20000000000000000000000A /* PositionsView.swift in Sources */,
				20000000000000000000000B /* PortfolioView.swift in Sources */,
				20000000000000000000000C /* AgentView.swift in Sources */,
			);
			runOnlyForDeploymentPostprocessing = 0;
		};
/* End PBXSourcesBuildPhase section */

/* Begin XCBuildConfiguration section */
		300000000000000000000001 /* Debug */ = {
			isa = XCBuildConfiguration;
			buildSettings = {
				ALWAYS_SEARCH_USER_PATHS = NO;
				CLANG_ENABLE_MODULES = YES;
				COPY_PHASE_STRIP = NO;
				DEBUG_INFORMATION_FORMAT = dwarf;
				ENABLE_STRICT_OBJC_MSGSEND = YES;
				GCC_C_LANGUAGE_STANDARD = gnu17;
				IPHONEOS_DEPLOYMENT_TARGET = 17.0;
				SDKROOT = iphoneos;
				SWIFT_VERSION = 5.0;
			};
			name = Debug;
		};
		300000000000000000000002 /* Release */ = {
			isa = XCBuildConfiguration;
			buildSettings = {
				ALWAYS_SEARCH_USER_PATHS = NO;
				CLANG_ENABLE_MODULES = YES;
				COPY_PHASE_STRIP = NO;
				DEBUG_INFORMATION_FORMAT = "dwarf-with-dsym";
				ENABLE_STRICT_OBJC_MSGSEND = YES;
				GCC_C_LANGUAGE_STANDARD = gnu17;
				IPHONEOS_DEPLOYMENT_TARGET = 17.0;
				SDKROOT = iphoneos;
				SWIFT_VERSION = 5.0;
			};
			name = Release;
		};
		300000000000000000000003 /* Debug */ = {
			isa = XCBuildConfiguration;
			buildSettings = {
				ASSETCATALOG_COMPILER_GLOBAL_ACCENT_COLOR_NAME = AccentColor;
				CODE_SIGN_STYLE = Automatic;
				CURRENT_PROJECT_VERSION = 1;
				DEVELOPMENT_TEAM = "";
				ENABLE_PREVIEWS = YES;
				GENERATE_INFOPLIST_FILE = YES;
				INFOPLIST_KEY_NSAppTransportSecurity_NSAllowsArbitraryLoads = YES;
				INFOPLIST_KEY_NSAppTransportSecurity_NSAllowsLocalNetworking = YES;
				INFOPLIST_KEY_UIApplicationSceneManifest_Generation = YES;
				INFOPLIST_KEY_UIApplicationSupportsIndirectInputEvents = YES;
				INFOPLIST_KEY_UILaunchScreen_Generation = YES;
				LD_RUNPATH_SEARCH_PATHS = (
					"$(inherited)",
					"@executable_path/Frameworks",
				);
				MARKETING_VERSION = 1.0;
				PRODUCT_BUNDLE_IDENTIFIER = com.codex.NiftyAITraderMobile;
				PRODUCT_NAME = "$(TARGET_NAME)";
				SDKROOT = iphoneos;
				SUPPORTED_PLATFORMS = "iphoneos iphonesimulator";
				SWIFT_EMIT_LOC_STRINGS = YES;
				SWIFT_OPTIMIZATION_LEVEL = "-Onone";
				SWIFT_VERSION = 5.0;
				TARGETED_DEVICE_FAMILY = "1,2";
			};
			name = Debug;
		};
		300000000000000000000004 /* Release */ = {
			isa = XCBuildConfiguration;
			buildSettings = {
				ASSETCATALOG_COMPILER_GLOBAL_ACCENT_COLOR_NAME = AccentColor;
				CODE_SIGN_STYLE = Automatic;
				CURRENT_PROJECT_VERSION = 1;
				DEVELOPMENT_TEAM = "";
				ENABLE_PREVIEWS = YES;
				GENERATE_INFOPLIST_FILE = YES;
				INFOPLIST_KEY_NSAppTransportSecurity_NSAllowsArbitraryLoads = YES;
				INFOPLIST_KEY_NSAppTransportSecurity_NSAllowsLocalNetworking = YES;
				INFOPLIST_KEY_UIApplicationSceneManifest_Generation = YES;
				INFOPLIST_KEY_UIApplicationSupportsIndirectInputEvents = YES;
				INFOPLIST_KEY_UILaunchScreen_Generation = YES;
				LD_RUNPATH_SEARCH_PATHS = (
					"$(inherited)",
					"@executable_path/Frameworks",
				);
				MARKETING_VERSION = 1.0;
				PRODUCT_BUNDLE_IDENTIFIER = com.codex.NiftyAITraderMobile;
				PRODUCT_NAME = "$(TARGET_NAME)";
				SDKROOT = iphoneos;
				SUPPORTED_PLATFORMS = "iphoneos iphonesimulator";
				SWIFT_COMPILATION_MODE = wholemodule;
				SWIFT_EMIT_LOC_STRINGS = YES;
				SWIFT_VERSION = 5.0;
				TARGETED_DEVICE_FAMILY = "1,2";
				VALIDATE_PRODUCT = YES;
			};
			name = Release;
		};
/* End XCBuildConfiguration section */

/* Begin XCConfigurationList section */
		10000000000000000000000F /* Build configuration list for PBXNativeTarget "NiftyAITraderMobile" */ = {
			isa = XCConfigurationList;
			buildConfigurations = (
				300000000000000000000003 /* Debug */,
				300000000000000000000004 /* Release */,
			);
			defaultConfigurationIsVisible = 0;
			defaultConfigurationName = Release;
		};
		100000000000000000000010 /* Build configuration list for PBXProject "NiftyAITraderMobile" */ = {
			isa = XCConfigurationList;
			buildConfigurations = (
				300000000000000000000001 /* Debug */,
				300000000000000000000002 /* Release */,
			);
			defaultConfigurationIsVisible = 0;
			defaultConfigurationName = Release;
		};
/* End XCConfigurationList section */
	};
	rootObject = 100000000000000000000001 /* Project object */;
}
